
Microsoft Visual Studio Solution File, Format Version 12.00
# Visual Studio 15
VisualStudioVersion = 15.0.28307.572
MinimumVisualStudioVersion = 10.0.40219.1
Project("{2150E333-8FDC-42A3-9474-1A3956D46DE8}") = "Services", "Services", "{C6D8C9F2-17B5-4C16-A5B6-A71E97CD40DB}"
EndProject
Project("{2150E333-8FDC-42A3-9474-1A3956D46DE8}") = "Admin", "Admin", "{51E3CD69-82A3-4B32-9447-A774C390A850}"
EndProject
Project("{2150E333-8FDC-42A3-9474-1A3956D46DE8}") = "Common", "Common", "{E06EFD9A-4FBC-44AE-B5C2-E9586B8061B9}"
EndProject
Project("{2150E333-8FDC-42A3-9474-1A3956D46DE8}") = "Applications", "Applications", "{433AD662-A928-4ED4-A97A-A6634E76BB3F}"
EndProject
Project("{9A19103F-16F7-4668-BE54-9A1E7A4F7556}") = "Lemoras.Shark.Backoffice", "src\Applications\Lemoras.Shark.Backoffice\Lemoras.Shark.Backoffice.csproj", "{440D7FD4-406A-4E78-844F-BA694DE6376F}"
EndProject
Project("{9A19103F-16F7-4668-BE54-9A1E7A4F7556}") = "Lemoras.Remora.Api", "src\Common\Lemoras.Remora.Api\Lemoras.Remora.Api.csproj", "{6E40A2C7-77EF-454E-9F8B-116AE3B4E95C}"
EndProject
Project("{9A19103F-16F7-4668-BE54-9A1E7A4F7556}") = "Lemoras.Remora.Admin.Domain", "src\Services\Admin\Lemoras.Remora.Admin.Domain\Lemoras.Remora.Admin.Domain.csproj", "{09E0F54D-37C1-4EB9-B871-C637546E9314}"
EndProject
Project("{9A19103F-16F7-4668-BE54-9A1E7A4F7556}") = "Lemoras.Remora.Admin.Infrastructure", "src\Services\Admin\Lemoras.Remora.Admin.Infrastructure\Lemoras.Remora.Admin.Infrastructure.csproj", "{A86161C9-258F-4CCC-BD0F-2E367D2F5DFF}"
EndProject
Project("{9A19103F-16F7-4668-BE54-9A1E7A4F7556}") = "Lemoras.Remora.Admin.Business", "src\Services\Admin\Lemoras.Remora.Admin.Business\Lemoras.Remora.Admin.Business.csproj", "{F60F8048-0966-45A5-B0DD-593A94560B0E}"
EndProject
Project("{9A19103F-16F7-4668-BE54-9A1E7A4F7556}") = "Lemoras.Remora.Admin.Api", "src\Services\Admin\Lemoras.Remora.Admin.Api\Lemoras.Remora.Admin.Api.csproj", "{E0E9F9E3-FA1F-4C18-B1C3-7C7ADC139E64}"
EndProject
Project("{9A19103F-16F7-4668-BE54-9A1E7A4F7556}") = "Lemoras.Remora.Core", "src\Common\Lemoras.Remora.Core\Lemoras.Remora.Core.csproj", "{69B9F069-C456-4B1C-A9BF-DD4B80029B58}"
EndProject
Project("{2150E333-8FDC-42A3-9474-1A3956D46DE8}") = "RoomShare", "RoomShare", "{1532B1BB-3A1B-486E-9DBB-BCB731111017}"
EndProject
Project("{9A19103F-16F7-4668-BE54-9A1E7A4F7556}") = "Lemoras.Remora.Roomshare.Domain", "src\Services\Roomshare\Lemoras.Remora.Roomshare.Domain\Lemoras.Remora.Roomshare.Domain.csproj", "{EA975742-EE53-4A89-9CEA-226267A8A59B}"
EndProject
Project("{9A19103F-16F7-4668-BE54-9A1E7A4F7556}") = "Lemoras.Remora.Roomshare.Infrastructre", "src\Services\Roomshare\Lemoras.Remora.Roomshare.Infrastructre\Lemoras.Remora.Roomshare.Infrastructre.csproj", "{C3541945-A5C3-4FA2-8315-2CE145C83F79}"
EndProject
Project("{9A19103F-16F7-4668-BE54-9A1E7A4F7556}") = "Lemoras.Remora.Roomshare.Api", "src\Services\Roomshare\Lemoras.Remora.Roomshare.Api\Lemoras.Remora.Roomshare.Api.csproj", "{AC55130D-46AE-4C09-9574-CFE8A1DDB16E}"
EndProject
Project("{9A19103F-16F7-4668-BE54-9A1E7A4F7556}") = "Lemoras.Remora.Infrastrcutre", "src\Common\Lemoras.Remora.Infrastrcutre\Lemoras.Remora.Infrastrcutre.csproj", "{816D824D-5585-47CA-99A5-9E2849C33E7E}"
EndProject
Project("{E53339B2-1760-4266-BCC7-CA923CBCF16C}") = "docker-compose", "docker-compose.dcproj", "{9694157F-7CAF-4762-AD11-BEAD0BF148F3}"
EndProject
Project("{2150E333-8FDC-42A3-9474-1A3956D46DE8}") = "Solution File", "Solution File", "{76FB10AA-23D0-4A7A-B719-0059DC6BF70A}"
EndProject
Global
	GlobalSection(SolutionConfigurationPlatforms) = preSolution
		Debug|Any CPU = Debug|Any CPU
		Release|Any CPU = Release|Any CPU
	EndGlobalSection
	GlobalSection(ProjectConfigurationPlatforms) = postSolution
		{440D7FD4-406A-4E78-844F-BA694DE6376F}.Debug|Any CPU.ActiveCfg = Debug|Any CPU
		{440D7FD4-406A-4E78-844F-BA694DE6376F}.Debug|Any CPU.Build.0 = Debug|Any CPU
		{440D7FD4-406A-4E78-844F-BA694DE6376F}.Release|Any CPU.ActiveCfg = Release|Any CPU
		{440D7FD4-406A-4E78-844F-BA694DE6376F}.Release|Any CPU.Build.0 = Release|Any CPU
		{6E40A2C7-77EF-454E-9F8B-116AE3B4E95C}.Debug|Any CPU.ActiveCfg = Debug|Any CPU
		{6E40A2C7-77EF-454E-9F8B-116AE3B4E95C}.Debug|Any CPU.Build.0 = Debug|Any CPU
		{6E40A2C7-77EF-454E-9F8B-116AE3B4E95C}.Release|Any CPU.ActiveCfg = Release|Any CPU
		{6E40A2C7-77EF-454E-9F8B-116AE3B4E95C}.Release|Any CPU.Build.0 = Release|Any CPU
		{09E0F54D-37C1-4EB9-B871-C637546E9314}.Debug|Any CPU.ActiveCfg = Debug|Any CPU
		{09E0F54D-37C1-4EB9-B871-C637546E9314}.Debug|Any CPU.Build.0 = Debug|Any CPU
		{09E0F54D-37C1-4EB9-B871-C637546E9314}.Release|Any CPU.ActiveCfg = Release|Any CPU
		{09E0F54D-37C1-4EB9-B871-C637546E9314}.Release|Any CPU.Build.0 = Release|Any CPU
		{A86161C9-258F-4CCC-BD0F-2E367D2F5DFF}.Debug|Any CPU.ActiveCfg = Debug|Any CPU
		{A86161C9-258F-4CCC-BD0F-2E367D2F5DFF}.Debug|Any CPU.Build.0 = Debug|Any CPU
		{A86161C9-258F-4CCC-BD0F-2E367D2F5DFF}.Release|Any CPU.ActiveCfg = Release|Any CPU
		{A86161C9-258F-4CCC-BD0F-2E367D2F5DFF}.Release|Any CPU.Build.0 = Release|Any CPU
		{F60F8048-0966-45A5-B0DD-593A94560B0E}.Debug|Any CPU.ActiveCfg = Debug|Any CPU
		{F60F8048-0966-45A5-B0DD-593A94560B0E}.Debug|Any CPU.Build.0 = Debug|Any CPU
		{F60F8048-0966-45A5-B0DD-593A94560B0E}.Release|Any CPU.ActiveCfg = Release|Any CPU
		{F60F8048-0966-45A5-B0DD-593A94560B0E}.Release|Any CPU.Build.0 = Release|Any CPU
		{E0E9F9E3-FA1F-4C18-B1C3-7C7ADC139E64}.Debug|Any CPU.ActiveCfg = Debug|Any CPU
		{E0E9F9E3-FA1F-4C18-B1C3-7C7ADC139E64}.Debug|Any CPU.Build.0 = Debug|Any CPU
		{E0E9F9E3-FA1F-4C18-B1C3-7C7ADC139E64}.Release|Any CPU.ActiveCfg = Release|Any CPU
		{E0E9F9E3-FA1F-4C18-B1C3-7C7ADC139E64}.Release|Any CPU.Build.0 = Release|Any CPU
		{69B9F069-C456-4B1C-A9BF-DD4B80029B58}.Debug|Any CPU.ActiveCfg = Debug|Any CPU
		{69B9F069-C456-4B1C-A9BF-DD4B80029B58}.Debug|Any CPU.Build.0 = Debug|Any CPU
		{69B9F069-C456-4B1C-A9BF-DD4B80029B58}.Release|Any CPU.ActiveCfg = Release|Any CPU
		{69B9F069-C456-4B1C-A9BF-DD4B80029B58}.Release|Any CPU.Build.0 = Release|Any CPU
		{EA975742-EE53-4A89-9CEA-226267A8A59B}.Debug|Any CPU.ActiveCfg = Debug|Any CPU
		{EA975742-EE53-4A89-9CEA-226267A8A59B}.Debug|Any CPU.Build.0 = Debug|Any CPU
		{EA975742-EE53-4A89-9CEA-226267A8A59B}.Release|Any CPU.ActiveCfg = Release|Any CPU
		{EA975742-EE53-4A89-9CEA-226267A8A59B}.Release|Any CPU.Build.0 = Release|Any CPU
		{C3541945-A5C3-4FA2-8315-2CE145C83F79}.Debug|Any CPU.ActiveCfg = Debug|Any CPU
		{C3541945-A5C3-4FA2-8315-2CE145C83F79}.Debug|Any CPU.Build.0 = Debug|Any CPU
		{C3541945-A5C3-4FA2-8315-2CE145C83F79}.Release|Any CPU.ActiveCfg = Release|Any CPU
		{C3541945-A5C3-4FA2-8315-2CE145C83F79}.Release|Any CPU.Build.0 = Release|Any CPU
		{AC55130D-46AE-4C09-9574-CFE8A1DDB16E}.Debug|Any CPU.ActiveCfg = Debug|Any CPU
		{AC55130D-46AE-4C09-9574-CFE8A1DDB16E}.Debug|Any CPU.Build.0 = Debug|Any CPU
		{AC55130D-46AE-4C09-9574-CFE8A1DDB16E}.Release|Any CPU.ActiveCfg = Release|Any CPU
		{AC55130D-46AE-4C09-9574-CFE8A1DDB16E}.Release|Any CPU.Build.0 = Release|Any CPU
		{816D824D-5585-47CA-99A5-9E2849C33E7E}.Debug|Any CPU.ActiveCfg = Debug|Any CPU
		{816D824D-5585-47CA-99A5-9E2849C33E7E}.Debug|Any CPU.Build.0 = Debug|Any CPU
		{816D824D-5585-47CA-99A5-9E2849C33E7E}.Release|Any CPU.ActiveCfg = Release|Any CPU
		{816D824D-5585-47CA-99A5-9E2849C33E7E}.Release|Any CPU.Build.0 = Release|Any CPU
		{9694157F-7CAF-4762-AD11-BEAD0BF148F3}.Debug|Any CPU.ActiveCfg = Debug|Any CPU
		{9694157F-7CAF-4762-AD11-BEAD0BF148F3}.Debug|Any CPU.Build.0 = Debug|Any CPU
		{9694157F-7CAF-4762-AD11-BEAD0BF148F3}.Release|Any CPU.ActiveCfg = Release|Any CPU
		{9694157F-7CAF-4762-AD11-BEAD0BF148F3}.Release|Any CPU.Build.0 = Release|Any CPU
	EndGlobalSection
	GlobalSection(SolutionProperties) = preSolution
		HideSolutionNode = FALSE
	EndGlobalSection
	GlobalSection(NestedProjects) = preSolution
		{51E3CD69-82A3-4B32-9447-A774C390A850} = {C6D8C9F2-17B5-4C16-A5B6-A71E97CD40DB}
		{440D7FD4-406A-4E78-844F-BA694DE6376F} = {433AD662-A928-4ED4-A97A-A6634E76BB3F}
		{6E40A2C7-77EF-454E-9F8B-116AE3B4E95C} = {E06EFD9A-4FBC-44AE-B5C2-E9586B8061B9}
		{09E0F54D-37C1-4EB9-B871-C637546E9314} = {51E3CD69-82A3-4B32-9447-A774C390A850}
		{A86161C9-258F-4CCC-BD0F-2E367D2F5DFF} = {51E3CD69-82A3-4B32-9447-A774C390A850}
		{F60F8048-0966-45A5-B0DD-593A94560B0E} = {51E3CD69-82A3-4B32-9447-A774C390A850}
		{E0E9F9E3-FA1F-4C18-B1C3-7C7ADC139E64} = {51E3CD69-82A3-4B32-9447-A774C390A850}
		{69B9F069-C456-4B1C-A9BF-DD4B80029B58} = {E06EFD9A-4FBC-44AE-B5C2-E9586B8061B9}
		{1532B1BB-3A1B-486E-9DBB-BCB731111017} = {C6D8C9F2-17B5-4C16-A5B6-A71E97CD40DB}
		{EA975742-EE53-4A89-9CEA-226267A8A59B} = {1532B1BB-3A1B-486E-9DBB-BCB731111017}
		{C3541945-A5C3-4FA2-8315-2CE145C83F79} = {1532B1BB-3A1B-486E-9DBB-BCB731111017}
		{AC55130D-46AE-4C09-9574-CFE8A1DDB16E} = {1532B1BB-3A1B-486E-9DBB-BCB731111017}
		{816D824D-5585-47CA-99A5-9E2849C33E7E} = {E06EFD9A-4FBC-44AE-B5C2-E9586B8061B9}
		{9694157F-7CAF-4762-AD11-BEAD0BF148F3} = {76FB10AA-23D0-4A7A-B719-0059DC6BF70A}
	EndGlobalSection
	GlobalSection(ExtensibilityGlobals) = postSolution
		SolutionGuid = {8BF021EB-99BD-46FC-9B5F-A60A42867FBE}
	EndGlobalSection
EndGlobal
